
Microsoft Visual Studio Solution File, Format Version 12.00
# Visual Studio Version 17
VisualStudioVersion = 17.6.33829.357
MinimumVisualStudioVersion = 10.0.40219.1
Project("{9A19103F-16F7-4668-BE54-9A1E7A4F7556}") = "IdentityServer", "IdentityServer\IdentityServer.csproj", "{5DFDB43E-B7A6-4197-B6CE-72113D289CB7}"
EndProject
Project("{E53339B2-1760-4266-BCC7-CA923CBCF16C}") = "docker-compose", "docker-compose.dcproj", "{358D603D-2704-4D80-A660-0817BC77CA75}"
EndProject
Project("{FAE04EC0-301F-11D3-BF4B-00C04F79EFBC}") = "EmailService", "..\EmailService\EmailService.csproj", "{D08807A6-4A24-4B8F-94AB-0F86972C1BDE}"
EndProject
Global
	GlobalSection(SolutionConfigurationPlatforms) = preSolution
		Debug|Any CPU = Debug|Any CPU
		Release|Any CPU = Release|Any CPU
	EndGlobalSection
	GlobalSection(ProjectConfigurationPlatforms) = postSolution
		{5DFDB43E-B7A6-4197-B6CE-72113D289CB7}.Debug|Any CPU.ActiveCfg = Debug|Any CPU
		{5DFDB43E-B7A6-4197-B6CE-72113D289CB7}.Debug|Any CPU.Build.0 = Debug|Any CPU
		{5DFDB43E-B7A6-4197-B6CE-72113D289CB7}.Release|Any CPU.ActiveCfg = Release|Any CPU
		{5DFDB43E-B7A6-4197-B6CE-72113D289CB7}.Release|Any CPU.Build.0 = Release|Any CPU
		{358D603D-2704-4D80-A660-0817BC77CA75}.Debug|Any CPU.ActiveCfg = Debug|Any CPU
		{358D603D-2704-4D80-A660-0817BC77CA75}.Debug|Any CPU.Build.0 = Debug|Any CPU
		{358D603D-2704-4D80-A660-0817BC77CA75}.Release|Any CPU.ActiveCfg = Release|Any CPU
		{358D603D-2704-4D80-A660-0817BC77CA75}.Release|Any CPU.Build.0 = Release|Any CPU
		{D08807A6-4A24-4B8F-94AB-0F86972C1BDE}.Debug|Any CPU.ActiveCfg = Debug|Any CPU
		{D08807A6-4A24-4B8F-94AB-0F86972C1BDE}.Debug|Any CPU.Build.0 = Debug|Any CPU
		{D08807A6-4A24-4B8F-94AB-0F86972C1BDE}.Release|Any CPU.ActiveCfg = Release|Any CPU
		{D08807A6-4A24-4B8F-94AB-0F86972C1BDE}.Release|Any CPU.Build.0 = Release|Any CPU
	EndGlobalSection
	GlobalSection(SolutionProperties) = preSolution
		HideSolutionNode = FALSE
	EndGlobalSection
	GlobalSection(ExtensibilityGlobals) = postSolution
		SolutionGuid = {725095F7-D506-45BE-956B-4FC64B999629}
	EndGlobalSection
EndGlobal
